
Microsoft Visual Studio Solution File, Format Version 12.00
# Visual Studio Version 17
VisualStudioVersion = 17.11.35219.272
MinimumVisualStudioVersion = 10.0.40219.1
Project("{FAE04EC0-301F-11D3-BF4B-00C04F79EFBC}") = "MVC Demo", "MVC Demo\MVC Demo.csproj", "{32912126-21E6-4224-A117-43247AB3D6C0}"
EndProject
Global
	GlobalSection(SolutionConfigurationPlatforms) = preSolution
		Debug|Any CPU = Debug|Any CPU
		Release|Any CPU = Release|Any CPU
	EndGlobalSection
	GlobalSection(ProjectConfigurationPlatforms) = postSolution
		{32912126-21E6-4224-A117-43247AB3D6C0}.Debug|Any CPU.ActiveCfg = Debug|Any CPU
		{32912126-21E6-4224-A117-43247AB3D6C0}.Debug|Any CPU.Build.0 = Debug|Any CPU
		{32912126-21E6-4224-A117-43247AB3D6C0}.Release|Any CPU.ActiveCfg = Release|Any CPU
		{32912126-21E6-4224-A117-43247AB3D6C0}.Release|Any CPU.Build.0 = Release|Any CPU
	EndGlobalSection
	GlobalSection(SolutionProperties) = preSolution
		HideSolutionNode = FALSE
	EndGlobalSection
	GlobalSection(ExtensibilityGlobals) = postSolution
		SolutionGuid = {1FAF6A26-4DDE-4770-8413-E1DB13C5D36A}
	EndGlobalSection
EndGlobal
